
Microsoft Visual Studio Solution File, Format Version 12.00
# Visual Studio Version 17
VisualStudioVersion = 17.0.32112.339
MinimumVisualStudioVersion = 10.0.40219.1
Project("{FAE04EC0-301F-11D3-BF4B-00C04F79EFBC}") = "49.EntityFrameworkDemo2", "49.EntityFrameworkDemo2.csproj", "{3D900B99-1FEC-488D-BD3D-27339FE9817E}"
EndProject
Global
	GlobalSection(SolutionConfigurationPlatforms) = preSolution
		Debug|Any CPU = Debug|Any CPU
		Release|Any CPU = Release|Any CPU
	EndGlobalSection
	GlobalSection(ProjectConfigurationPlatforms) = postSolution
		{3D900B99-1FEC-488D-BD3D-27339FE9817E}.Debug|Any CPU.ActiveCfg = Debug|Any CPU
		{3D900B99-1FEC-488D-BD3D-27339FE9817E}.Debug|Any CPU.Build.0 = Debug|Any CPU
		{3D900B99-1FEC-488D-BD3D-27339FE9817E}.Release|Any CPU.ActiveCfg = Release|Any CPU
		{3D900B99-1FEC-488D-BD3D-27339FE9817E}.Release|Any CPU.Build.0 = Release|Any CPU
	EndGlobalSection
	GlobalSection(SolutionProperties) = preSolution
		HideSolutionNode = FALSE
	EndGlobalSection
	GlobalSection(ExtensibilityGlobals) = postSolution
		SolutionGuid = {B6468783-B698-49CE-9581-5789392885EF}
	EndGlobalSection
EndGlobal
